{
    "name": "tally-simple",
    "version": "1.7.1",
    "lockfileVersion": 3,
    "requires": true,
    "packages": {
        "": {
            "name": "tally-simple",
            "version": "1.7.1",
            "license": "MIT",
            "bin": {
                "tally-simple": "bin/tally-simple.js"
            },
            "devDependencies": {
                "create-intellisense": "^1.2.1"
            },
            "engines": {
                "node": ">=20.10"
            }
        },
        "node_modules/create-intellisense": {
            "version": "1.2.1",
            "resolved": "https://registry.npmjs.org/create-intellisense/-/create-intellisense-1.2.1.tgz",
            "integrity": "sha512-ErbjRsvRTi02MJ6jpOERlPGuAryBDB6ObmZw5KW6TvoQbYK1eNQlTN+yL2ud+gdijRh0h8g71Iot9SJHGmc8SQ==",
            "dev": true,
            "license": "MIT",
            "bin": {
                "create-intellisense": "bin/create-intellisense.js"
            },
            "engines": {
                "node": ">=20.10"
            }
        }
    }
}
